
Microsoft Visual Studio Solution File, Format Version 12.00
# Visual Studio 15
VisualStudioVersion = 15.0.28010.2036
MinimumVisualStudioVersion = 10.0.40219.1
Project("{FAE04EC0-301F-11D3-BF4B-00C04F79EFBC}") = "miriamGame", "miriamGame\miriamGame.csproj", "{99826ED5-D57A-44A2-9995-526844BF056C}"
EndProject
Global
	GlobalSection(SolutionConfigurationPlatforms) = preSolution
		Debug|Any CPU = Debug|Any CPU
		Release|Any CPU = Release|Any CPU
	EndGlobalSection
	GlobalSection(ProjectConfigurationPlatforms) = postSolution
		{99826ED5-D57A-44A2-9995-526844BF056C}.Debug|Any CPU.ActiveCfg = Debug|Any CPU
		{99826ED5-D57A-44A2-9995-526844BF056C}.Debug|Any CPU.Build.0 = Debug|Any CPU
		{99826ED5-D57A-44A2-9995-526844BF056C}.Release|Any CPU.ActiveCfg = Release|Any CPU
		{99826ED5-D57A-44A2-9995-526844BF056C}.Release|Any CPU.Build.0 = Release|Any CPU
	EndGlobalSection
	GlobalSection(SolutionProperties) = preSolution
		HideSolutionNode = FALSE
	EndGlobalSection
	GlobalSection(ExtensibilityGlobals) = postSolution
		SolutionGuid = {BE1B8CE0-CC3F-47F5-948E-DE96D4795AE8}
	EndGlobalSection
EndGlobal
